# Generated by pub
# See https://dart.dev/tools/pub/glossary#lockfile
packages:
  args:
    dependency: "direct dev"
    description:
      name: args
      sha256: d0481093c50b1da8910eb0bb301626d4d8eb7284aa739614d2b394ee09e3ea04
      url: "https://pub.dev"
    source: hosted
    version: "2.7.0"
  async:
    dependency: transitive
    description:
      name: async
      sha256: e2eb0491ba5ddb6177742d2da23904574082139b07c1e33b8503b9f46f3e1a37
      url: "https://pub.dev"
    source: hosted
    version: "2.13.1"
  boolean_selector:
    dependency: transitive
    description:
      name: boolean_selector
      sha256: "8aab1771e1243a5063b8b0ff68042d67334e3feab9e95b9490f9a6ebf73b42ea"
      url: "https://pub.dev"
    source: hosted
    version: "2.1.2"
  characters:
    dependency: transitive
    description:
      name: characters
      sha256: faf38497bda5ead2a8c7615f4f7939df04333478bf32e4173fcb06d428b5716b
      url: "https://pub.dev"
    source: hosted
    version: "1.4.1"
  clock:
    dependency: transitive
    description:
      name: clock
      sha256: e51d50bca3217c9a9fa2b41a30e4a38971133f5f9ec7a3d57bae095007f1d28e
      url: "https://pub.dev"
    source: hosted
    version: "1.1.3"
  collection:
    dependency: transitive
    description:
      name: collection
      sha256: "2f5709ae4d3d59dd8f7cd309b4e023046b57d8a6c82130785d2b0e5868084e76"
      url: "https://pub.dev"
    source: hosted
    version: "1.19.1"
  colorize:
    dependency: transitive
    description:
      name: colorize
      sha256: "584746cd6ba1cba0633b6720f494fe6f9601c4170f0666c1579d2aa2a61071ba"
      url: "https://pub.dev"
    source: hosted
    version: "3.0.0"
  dna_blog:
    dependency: transitive
    description:
      name: dna_blog
      sha256: be40ecb067d0d81e981ae19592a5e31d12115814d96e62010d6a62ef6010d812
      url: "https://pub.dev"
    source: hosted
    version: "0.1.0"
  dna_clean_code:
    dependency: transitive
    description:
      name: dna_clean_code
      sha256: "0a1254c658fbcc9480c0caa336daaccbe74ef7ee5a8e856d466193b3822a7f90"
      url: "https://pub.dev"
    source: hosted
    version: "0.1.0"
  dna_gg:
    dependency: transitive
    description:
      name: dna_gg
      sha256: "6570c97f79e84c4ef5aae92954ad21c0e65edfe710802684df83cefc6f6860ed"
      url: "https://pub.dev"
    source: hosted
    version: "0.1.2"
  dna_ggsuite:
    dependency: "direct dev"
    description:
      name: dna_ggsuite
      sha256: "009fc6deeb2665cfb33590948bcc27c841c0dfddadd09eea5023d88b966a72bc"
      url: "https://pub.dev"
    source: hosted
    version: "0.2.0"
  dna_guides:
    dependency: transitive
    description:
      name: dna_guides
      sha256: "1b02008c52e9d5811bb44bb5fbf457cc6e235777c6cbf966683c3a1eac1b201a"
      url: "https://pub.dev"
    source: hosted
    version: "0.1.0"
  dna_index:
    dependency: transitive
    description:
      name: dna_index
      sha256: "34096b10958d2ea3722ffb7be5eae7537a4592175bba2abec823915cb73b664c"
      url: "https://pub.dev"
    source: hosted
    version: "0.1.0"
  dna_install:
    dependency: transitive
    description:
      name: dna_install
      sha256: ec338094ed3678c05eb55d8dd1106d09a82af55921089a1c98697ad20dcbf913
      url: "https://pub.dev"
    source: hosted
    version: "0.1.0"
  dna_readme:
    dependency: transitive
    description:
      name: dna_readme
      sha256: "0844e5590e6a33405ebc76b2931ba5df70eb91a134db37301575dd2c914cd0c0"
      url: "https://pub.dev"
    source: hosted
    version: "0.1.0"
  dna_scripts:
    dependency: transitive
    description:
      name: dna_scripts
      sha256: e14ff865c5640323e99fc122961e14b81338f205c65721d3b4d7bdf8763d6b16
      url: "https://pub.dev"
    source: hosted
    version: "0.1.0"
  dna_translate:
    dependency: transitive
    description:
      name: dna_translate
      sha256: fe66d74e6128916e2855525bc477caa25f818bc433281b2a6b108e32564a6d7e
      url: "https://pub.dev"
    source: hosted
    version: "0.1.0"
  dna_vscode:
    dependency: transitive
    description:
      name: dna_vscode
      sha256: b9c352cfb3e39a7df7e3a6206f898074579bdff987495d3855f05e848a213153
      url: "https://pub.dev"
    source: hosted
    version: "0.1.0"
  fake_async:
    dependency: "direct dev"
    description:
      name: fake_async
      sha256: "5368f224a74523e8d2e7399ea1638b37aecfca824a3cc4dfdf77bf1fa905ac44"
      url: "https://pub.dev"
    source: hosted
    version: "1.3.3"
  flutter:
    dependency: "direct main"
    description: flutter
    source: sdk
    version: "0.0.0"
  flutter_test:
    dependency: "direct dev"
    description: flutter
    source: sdk
    version: "0.0.0"
  flutter_web_plugins:
    dependency: "direct main"
    description: flutter
    source: sdk
    version: "0.0.0"
  gg_args:
    dependency: transitive
    description:
      name: gg_args
      sha256: aa52bf0322fa315ea552e092a236394edd6ce403edc2cc29776d81bf787c8294
      url: "https://pub.dev"
    source: hosted
    version: "3.2.0"
  gg_capture_print:
    dependency: transitive
    description:
      name: gg_capture_print
      sha256: fd793824121435fe128619c99bcf4a6fac9398188dcc7dd3def6cfe02d2327f9
      url: "https://pub.dev"
    source: hosted
    version: "1.2.0"
  gg_console_colors:
    dependency: transitive
    description:
      name: gg_console_colors
      sha256: "587848a714df37ff255f18e8530b0dc7a49097c62e6692b91c70361ad4df6af2"
      url: "https://pub.dev"
    source: hosted
    version: "2.5.0"
  gg_easy_widget_test:
    dependency: "direct dev"
    description:
      name: gg_easy_widget_test
      sha256: "3952318f7cd1aaf44eb4b049f3f0798454f9836a9220f87102e40a4c77ef6451"
      url: "https://pub.dev"
    source: hosted
    version: "1.3.0"
  gg_hash:
    dependency: transitive
    description:
      name: gg_hash
      sha256: abdfced31345e21f7bd105461db5544bf48c2ff288429e9dcd43fc693cfa2e28
      url: "https://pub.dev"
    source: hosted
    version: "1.3.0"
  gg_json:
    dependency: transitive
    description:
      name: gg_json
      sha256: a6094996fcb1aa36f209060f0db1fefcd02fcd11649491763138331eb5dac253
      url: "https://pub.dev"
    source: hosted
    version: "4.3.0"
  gg_log:
    dependency: transitive
    description:
      name: gg_log
      sha256: dd0d9be07ff9b57e266771bb1cfd0f07f585019ccafe6543def6917a7acd7ae5
      url: "https://pub.dev"
    source: hosted
    version: "1.2.0"
  gg_once_per_cycle:
    dependency: "direct main"
    description:
      name: gg_once_per_cycle
      sha256: dab574364c6adc0e5f659bfcacde8a2bfbd0ed1ba53930893a1908bf92d61406
      url: "https://pub.dev"
    source: hosted
    version: "1.5.0"
  gg_process:
    dependency: transitive
    description:
      name: gg_process
      sha256: "8d0ba9cb5b4a5b786433605832e10c3c6629a075793a8a2d97d268fa5bdecf42"
      url: "https://pub.dev"
    source: hosted
    version: "1.3.0"
  gg_value:
    dependency: "direct main"
    description:
      name: gg_value
      sha256: "7bb82b016b0c127831170c71e02b09cd9ecef059e246069763760e684fdc8984"
      url: "https://pub.dev"
    source: hosted
    version: "1.8.0"
  helix:
    dependency: "direct dev"
    description:
      name: helix
      sha256: "2df9e65b2d53b43d8ace85914eceeeb7f0f59350fb436e575b7bcfddda41405c"
      url: "https://pub.dev"
    source: hosted
    version: "1.3.0"
  leak_tracker:
    dependency: transitive
    description:
      name: leak_tracker
      sha256: "33e2e26bdd85a0112ec15400c8cbffea70d0f9c3407491f672a2fad47915e2de"
      url: "https://pub.dev"
    source: hosted
    version: "11.0.2"
  leak_tracker_flutter_testing:
    dependency: transitive
    description:
      name: leak_tracker_flutter_testing
      sha256: "1dbc140bb5a23c75ea9c4811222756104fbcd1a27173f0c34ca01e16bea473c1"
      url: "https://pub.dev"
    source: hosted
    version: "3.0.10"
  leak_tracker_testing:
    dependency: transitive
    description:
      name: leak_tracker_testing
      sha256: "8d5a2d49f4a66b49744b23b018848400d23e54caf9463f4eb20df3eb8acb2eb1"
      url: "https://pub.dev"
    source: hosted
    version: "3.0.2"
  lints:
    dependency: "direct dev"
    description:
      name: lints
      sha256: "12f842a479589fea194fe5c5a3095abc7be0c1f2ddfa9a0e76aed1dbd26a87df"
      url: "https://pub.dev"
    source: hosted
    version: "6.1.0"
  matcher:
    dependency: transitive
    description:
      name: matcher
      sha256: "31bd099b47c10cd1aeb55146a2d46ce0277630ecef3f7dae54ad7873f36696cd"
      url: "https://pub.dev"
    source: hosted
    version: "0.12.20"
  material_color_utilities:
    dependency: transitive
    description:
      name: material_color_utilities
      sha256: "9c337007e82b1889149c82ed242ed1cb24a66044e30979c44912381e9be4c48b"
      url: "https://pub.dev"
    source: hosted
    version: "0.13.0"
  meta:
    dependency: transitive
    description:
      name: meta
      sha256: "307249ce4ff29d58a18e97f6345f539382eb9c9c29ecda628900f31de0443dd9"
      url: "https://pub.dev"
    source: hosted
    version: "1.19.0"
  mocktail:
    dependency: transitive
    description:
      name: mocktail
      sha256: "5e1bf53cc7baa8062a33b84424deb61513858ea05c601b8509e683815b5914aa"
      url: "https://pub.dev"
    source: hosted
    version: "1.0.5"
  path:
    dependency: transitive
    description:
      name: path
      sha256: "75cca69d1490965be98c73ceaea117e8a04dd21217b37b292c9ddbec0d955bc5"
      url: "https://pub.dev"
    source: hosted
    version: "1.9.1"
  recase:
    dependency: transitive
    description:
      name: recase
      sha256: e4eb4ec2dcdee52dcf99cb4ceabaffc631d7424ee55e56f280bc039737f89213
      url: "https://pub.dev"
    source: hosted
    version: "4.1.0"
  sky_engine:
    dependency: transitive
    description: flutter
    source: sdk
    version: "0.0.0"
  source_span:
    dependency: transitive
    description:
      name: source_span
      sha256: "56a02f1f4cd1a2d96303c0144c93bd6d909eea6bee6bf5a0e0b685edbd4c47ab"
      url: "https://pub.dev"
    source: hosted
    version: "1.10.2"
  stack_trace:
    dependency: transitive
    description:
      name: stack_trace
      sha256: "277654b3034d17ac6f9f1cb5595db011b1d5d41e8806866db28e0abaa101c490"
      url: "https://pub.dev"
    source: hosted
    version: "1.12.2"
  stream_channel:
    dependency: transitive
    description:
      name: stream_channel
      sha256: "969e04c80b8bcdf826f8f16579c7b14d780458bd97f56d107d3950fdbeef059d"
      url: "https://pub.dev"
    source: hosted
    version: "2.1.4"
  string_scanner:
    dependency: transitive
    description:
      name: string_scanner
      sha256: "921cd31725b72fe181906c6a94d987c78e3b98c2e205b397ea399d4054872b43"
      url: "https://pub.dev"
    source: hosted
    version: "1.4.1"
  term_glyph:
    dependency: transitive
    description:
      name: term_glyph
      sha256: "7f554798625ea768a7518313e58f83891c7f5024f88e46e7182a4558850a4b8e"
      url: "https://pub.dev"
    source: hosted
    version: "1.2.2"
  test_api:
    dependency: transitive
    description:
      name: test_api
      sha256: "2a122cbe059f8b610d3a5415f42e255b6c17b1f21eee1d960f31080237fb4f11"
      url: "https://pub.dev"
    source: hosted
    version: "0.7.12"
  vector_math:
    dependency: transitive
    description:
      name: vector_math
      sha256: f36f9f3be64c6198714492bb455c11056e33e2f85d9a0b676a48301e44fdcf47
      url: "https://pub.dev"
    source: hosted
    version: "2.4.2"
  vm_service:
    dependency: transitive
    description:
      name: vm_service
      sha256: "5f37239c4851efcef929cea7824e76df7f2f0970aef85d66bbc430afa40e72f0"
      url: "https://pub.dev"
    source: hosted
    version: "15.3.0"
  yaml:
    dependency: transitive
    description:
      name: yaml
      sha256: f67cdd8e07d3c6329146aaef1ba043542b3134c12489f553ca9a7435d1068aea
      url: "https://pub.dev"
    source: hosted
    version: "3.1.4"
sdks:
  dart: ">=3.13.0 <4.0.0"
  flutter: ">=3.47.0"
